// !$*UTF8*$!
{
	archiveVersion = 1;
	classes = {
	};
	objectVersion = 56;
	objects = {

/* Begin PBXBuildFile section */
		6680DE412C80F4EB005EAA8E /* TabBarViewController.swift in Sources */ = {isa = PBXBuildFile; fileRef = 6680DE402C80F4EB005EAA8E /* TabBarViewController.swift */; };
		6680DE432C80F779005EAA8E /* SearchViewController.swift in Sources */ = {isa = PBXBuildFile; fileRef = 6680DE422C80F779005EAA8E /* SearchViewController.swift */; };
		6680DE452C80F815005EAA8E /* LibraryViewController.swift in Sources */ = {isa = PBXBuildFile; fileRef = 6680DE442C80F815005EAA8E /* LibraryViewController.swift */; };
		6680DE492C80F8CB005EAA8E /* AuthViewController.swift in Sources */ = {isa = PBXBuildFile; fileRef = 6680DE482C80F8CB005EAA8E /* AuthViewController.swift */; };
		6680DE4B2C80F8E8005EAA8E /* WelcomeViewController.swift in Sources */ = {isa = PBXBuildFile; fileRef = 6680DE4A2C80F8E8005EAA8E /* WelcomeViewController.swift */; };
		6680DE4D2C80F979005EAA8E /* SettingsViewController.swift in Sources */ = {isa = PBXBuildFile; fileRef = 6680DE4C2C80F979005EAA8E /* SettingsViewController.swift */; };
		6680DE4F2C80F985005EAA8E /* ProfileViewController.swift in Sources */ = {isa = PBXBuildFile; fileRef = 6680DE4E2C80F985005EAA8E /* ProfileViewController.swift */; };
		6680DE512C80F99F005EAA8E /* PlayerViewController.swift in Sources */ = {isa = PBXBuildFile; fileRef = 6680DE502C80F99F005EAA8E /* PlayerViewController.swift */; };
		6680DE532C80F9AF005EAA8E /* PlaylistViewController.swift in Sources */ = {isa = PBXBuildFile; fileRef = 6680DE522C80F9AF005EAA8E /* PlaylistViewController.swift */; };
		6680DE552C80F9E1005EAA8E /* SearchResultsViewController.swift in Sources */ = {isa = PBXBuildFile; fileRef = 6680DE542C80F9E1005EAA8E /* SearchResultsViewController.swift */; };
		6680DE572C80FA65005EAA8E /* AuthManager.swift in Sources */ = {isa = PBXBuildFile; fileRef = 6680DE562C80FA65005EAA8E /* AuthManager.swift */; };
		6680DE592C80FA79005EAA8E /* APICaller.swift in Sources */ = {isa = PBXBuildFile; fileRef = 6680DE582C80FA79005EAA8E /* APICaller.swift */; };
		6680DE5B2C80FA8A005EAA8E /* HapticsManager.swift in Sources */ = {isa = PBXBuildFile; fileRef = 6680DE5A2C80FA8A005EAA8E /* HapticsManager.swift */; };
		6680DE5D2C80FAE9005EAA8E /* Playlist.swift in Sources */ = {isa = PBXBuildFile; fileRef = 6680DE5C2C80FAE9005EAA8E /* Playlist.swift */; };
		6680DE5F2C80FAF4005EAA8E /* AudioTrack.swift in Sources */ = {isa = PBXBuildFile; fileRef = 6680DE5E2C80FAF4005EAA8E /* AudioTrack.swift */; };
		6680DE612C80FAFF005EAA8E /* Artist.swift in Sources */ = {isa = PBXBuildFile; fileRef = 6680DE602C80FAFF005EAA8E /* Artist.swift */; };
		6680DE632C80FB0D005EAA8E /* UserProfile.swift in Sources */ = {isa = PBXBuildFile; fileRef = 6680DE622C80FB0D005EAA8E /* UserProfile.swift */; };
		6680DE6B2C8106C4005EAA8E /* Localizable.strings in Resources */ = {isa = PBXBuildFile; fileRef = 6680DE6A2C8106C4005EAA8E /* Localizable.strings */; };
		6680DE722C810895005EAA8E /* String+Extension.swift in Sources */ = {isa = PBXBuildFile; fileRef = 6680DE712C810895005EAA8E /* String+Extension.swift */; };
		6680DE742C810D31005EAA8E /* Colors.swift in Sources */ = {isa = PBXBuildFile; fileRef = 6680DE732C810D31005EAA8E /* Colors.swift */; };
		6680DE782C8116E2005EAA8E /* Config.plist in Resources */ = {isa = PBXBuildFile; fileRef = 6680DE772C8116E2005EAA8E /* Config.plist */; };
		6680DE7A2C811732005EAA8E /* ConfigManager.swift in Sources */ = {isa = PBXBuildFile; fileRef = 6680DE792C811732005EAA8E /* ConfigManager.swift */; };
		6680DE7C2C8118F9005EAA8E /* CAGradientLayer+Extension.swift in Sources */ = {isa = PBXBuildFile; fileRef = 6680DE7B2C8118F9005EAA8E /* CAGradientLayer+Extension.swift */; };
		6680DE7F2C811DBF005EAA8E /* View+Extension.swift in Sources */ = {isa = PBXBuildFile; fileRef = 6680DE7E2C811DBF005EAA8E /* View+Extension.swift */; };
		66F1E1A92C80ED9E00F3E50B /* AppDelegate.swift in Sources */ = {isa = PBXBuildFile; fileRef = 66F1E1A82C80ED9E00F3E50B /* AppDelegate.swift */; };
		66F1E1AB2C80ED9E00F3E50B /* SceneDelegate.swift in Sources */ = {isa = PBXBuildFile; fileRef = 66F1E1AA2C80ED9E00F3E50B /* SceneDelegate.swift */; };
		66F1E1AD2C80ED9E00F3E50B /* HomeViewController.swift in Sources */ = {isa = PBXBuildFile; fileRef = 66F1E1AC2C80ED9E00F3E50B /* HomeViewController.swift */; };
		66F1E1B32C80ED9E00F3E50B /* MusicPlayer.xcdatamodeld in Sources */ = {isa = PBXBuildFile; fileRef = 66F1E1B12C80ED9E00F3E50B /* MusicPlayer.xcdatamodeld */; };
		66F1E1B52C80ED9F00F3E50B /* Assets.xcassets in Resources */ = {isa = PBXBuildFile; fileRef = 66F1E1B42C80ED9F00F3E50B /* Assets.xcassets */; };
		66F1E1B82C80ED9F00F3E50B /* Base in Resources */ = {isa = PBXBuildFile; fileRef = 66F1E1B72C80ED9F00F3E50B /* Base */; };
		66F1E1C32C80ED9F00F3E50B /* MusicPlayerTests.swift in Sources */ = {isa = PBXBuildFile; fileRef = 66F1E1C22C80ED9F00F3E50B /* MusicPlayerTests.swift */; };
		66F1E1CD2C80ED9F00F3E50B /* MusicPlayerUITests.swift in Sources */ = {isa = PBXBuildFile; fileRef = 66F1E1CC2C80ED9F00F3E50B /* MusicPlayerUITests.swift */; };
		66F1E1CF2C80ED9F00F3E50B /* MusicPlayerUITestsLaunchTests.swift in Sources */ = {isa = PBXBuildFile; fileRef = 66F1E1CE2C80ED9F00F3E50B /* MusicPlayerUITestsLaunchTests.swift */; };
/* End PBXBuildFile section */

/* Begin PBXContainerItemProxy section */
		66F1E1BF2C80ED9F00F3E50B /* PBXContainerItemProxy */ = {
			isa = PBXContainerItemProxy;
			containerPortal = 66F1E19D2C80ED9E00F3E50B /* Project object */;
			proxyType = 1;
			remoteGlobalIDString = 66F1E1A42C80ED9E00F3E50B;
			remoteInfo = MusicPlayer;
		};
		66F1E1C92C80ED9F00F3E50B /* PBXContainerItemProxy */ = {
			isa = PBXContainerItemProxy;
			containerPortal = 66F1E19D2C80ED9E00F3E50B /* Project object */;
			proxyType = 1;
			remoteGlobalIDString = 66F1E1A42C80ED9E00F3E50B;
			remoteInfo = MusicPlayer;
		};
/* End PBXContainerItemProxy section */

/* Begin PBXFileReference section */
		6680DE402C80F4EB005EAA8E /* TabBarViewController.swift */ = {isa = PBXFileReference; lastKnownFileType = sourcecode.swift; path = TabBarViewController.swift; sourceTree = "<group>"; };
		6680DE422C80F779005EAA8E /* SearchViewController.swift */ = {isa = PBXFileReference; lastKnownFileType = sourcecode.swift; path = SearchViewController.swift; sourceTree = "<group>"; };
		6680DE442C80F815005EAA8E /* LibraryViewController.swift */ = {isa = PBXFileReference; lastKnownFileType = sourcecode.swift; path = LibraryViewController.swift; sourceTree = "<group>"; };
		6680DE482C80F8CB005EAA8E /* AuthViewController.swift */ = {isa = PBXFileReference; lastKnownFileType = sourcecode.swift; path = AuthViewController.swift; sourceTree = "<group>"; };
		6680DE4A2C80F8E8005EAA8E /* WelcomeViewController.swift */ = {isa = PBXFileReference; lastKnownFileType = sourcecode.swift; path = WelcomeViewController.swift; sourceTree = "<group>"; };
		6680DE4C2C80F979005EAA8E /* SettingsViewController.swift */ = {isa = PBXFileReference; lastKnownFileType = sourcecode.swift; path = SettingsViewController.swift; sourceTree = "<group>"; };
		6680DE4E2C80F985005EAA8E /* ProfileViewController.swift */ = {isa = PBXFileReference; lastKnownFileType = sourcecode.swift; path = ProfileViewController.swift; sourceTree = "<group>"; };
		6680DE502C80F99F005EAA8E /* PlayerViewController.swift */ = {isa = PBXFileReference; lastKnownFileType = sourcecode.swift; path = PlayerViewController.swift; sourceTree = "<group>"; };
		6680DE522C80F9AF005EAA8E /* PlaylistViewController.swift */ = {isa = PBXFileReference; lastKnownFileType = sourcecode.swift; path = PlaylistViewController.swift; sourceTree = "<group>"; };
		6680DE542C80F9E1005EAA8E /* SearchResultsViewController.swift */ = {isa = PBXFileReference; lastKnownFileType = sourcecode.swift; path = SearchResultsViewController.swift; sourceTree = "<group>"; };
		6680DE562C80FA65005EAA8E /* AuthManager.swift */ = {isa = PBXFileReference; lastKnownFileType = sourcecode.swift; path = AuthManager.swift; sourceTree = "<group>"; };
		6680DE582C80FA79005EAA8E /* APICaller.swift */ = {isa = PBXFileReference; lastKnownFileType = sourcecode.swift; path = APICaller.swift; sourceTree = "<group>"; };
		6680DE5A2C80FA8A005EAA8E /* HapticsManager.swift */ = {isa = PBXFileReference; lastKnownFileType = sourcecode.swift; path = HapticsManager.swift; sourceTree = "<group>"; };
		6680DE5C2C80FAE9005EAA8E /* Playlist.swift */ = {isa = PBXFileReference; lastKnownFileType = sourcecode.swift; path = Playlist.swift; sourceTree = "<group>"; };
		6680DE5E2C80FAF4005EAA8E /* AudioTrack.swift */ = {isa = PBXFileReference; lastKnownFileType = sourcecode.swift; path = AudioTrack.swift; sourceTree = "<group>"; };
		6680DE602C80FAFF005EAA8E /* Artist.swift */ = {isa = PBXFileReference; lastKnownFileType = sourcecode.swift; path = Artist.swift; sourceTree = "<group>"; };
		6680DE622C80FB0D005EAA8E /* UserProfile.swift */ = {isa = PBXFileReference; lastKnownFileType = sourcecode.swift; path = UserProfile.swift; sourceTree = "<group>"; };
		6680DE692C8106C4005EAA8E /* en */ = {isa = PBXFileReference; lastKnownFileType = text.plist.strings; name = en; path = en.lproj/Localizable.strings; sourceTree = "<group>"; };
		6680DE6F2C810755005EAA8E /* fr */ = {isa = PBXFileReference; lastKnownFileType = text.plist.strings; name = fr; path = fr.lproj/LaunchScreen.strings; sourceTree = "<group>"; };
		6680DE702C810755005EAA8E /* fr */ = {isa = PBXFileReference; lastKnownFileType = text.plist.strings; name = fr; path = fr.lproj/Localizable.strings; sourceTree = "<group>"; };
		6680DE712C810895005EAA8E /* String+Extension.swift */ = {isa = PBXFileReference; lastKnownFileType = sourcecode.swift; path = "String+Extension.swift"; sourceTree = "<group>"; };
		6680DE732C810D31005EAA8E /* Colors.swift */ = {isa = PBXFileReference; lastKnownFileType = sourcecode.swift; path = Colors.swift; sourceTree = "<group>"; };
		6680DE772C8116E2005EAA8E /* Config.plist */ = {isa = PBXFileReference; lastKnownFileType = text.plist.xml; path = Config.plist; sourceTree = "<group>"; };
		6680DE792C811732005EAA8E /* ConfigManager.swift */ = {isa = PBXFileReference; lastKnownFileType = sourcecode.swift; path = ConfigManager.swift; sourceTree = "<group>"; };
		6680DE7B2C8118F9005EAA8E /* CAGradientLayer+Extension.swift */ = {isa = PBXFileReference; lastKnownFileType = sourcecode.swift; path = "CAGradientLayer+Extension.swift"; sourceTree = "<group>"; };
		6680DE7E2C811DBF005EAA8E /* View+Extension.swift */ = {isa = PBXFileReference; lastKnownFileType = sourcecode.swift; path = "View+Extension.swift"; sourceTree = "<group>"; };
		66F1E1A52C80ED9E00F3E50B /* MusicPlayer.app */ = {isa = PBXFileReference; explicitFileType = wrapper.application; includeInIndex = 0; path = MusicPlayer.app; sourceTree = BUILT_PRODUCTS_DIR; };
		66F1E1A82C80ED9E00F3E50B /* AppDelegate.swift */ = {isa = PBXFileReference; lastKnownFileType = sourcecode.swift; path = AppDelegate.swift; sourceTree = "<group>"; };
		66F1E1AA2C80ED9E00F3E50B /* SceneDelegate.swift */ = {isa = PBXFileReference; lastKnownFileType = sourcecode.swift; path = SceneDelegate.swift; sourceTree = "<group>"; };
		66F1E1AC2C80ED9E00F3E50B /* HomeViewController.swift */ = {isa = PBXFileReference; lastKnownFileType = sourcecode.swift; path = HomeViewController.swift; sourceTree = "<group>"; };
		66F1E1B22C80ED9E00F3E50B /* MusicPlayer.xcdatamodel */ = {isa = PBXFileReference; lastKnownFileType = wrapper.xcdatamodel; path = MusicPlayer.xcdatamodel; sourceTree = "<group>"; };
		66F1E1B42C80ED9F00F3E50B /* Assets.xcassets */ = {isa = PBXFileReference; lastKnownFileType = folder.assetcatalog; path = Assets.xcassets; sourceTree = "<group>"; };
		66F1E1B72C80ED9F00F3E50B /* Base */ = {isa = PBXFileReference; lastKnownFileType = file.storyboard; name = Base; path = Base.lproj/LaunchScreen.storyboard; sourceTree = "<group>"; };
		66F1E1B92C80ED9F00F3E50B /* Info.plist */ = {isa = PBXFileReference; lastKnownFileType = text.plist.xml; path = Info.plist; sourceTree = "<group>"; };
		66F1E1BE2C80ED9F00F3E50B /* MusicPlayerTests.xctest */ = {isa = PBXFileReference; explicitFileType = wrapper.cfbundle; includeInIndex = 0; path = MusicPlayerTests.xctest; sourceTree = BUILT_PRODUCTS_DIR; };
		66F1E1C22C80ED9F00F3E50B /* MusicPlayerTests.swift */ = {isa = PBXFileReference; lastKnownFileType = sourcecode.swift; path = MusicPlayerTests.swift; sourceTree = "<group>"; };
		66F1E1C82C80ED9F00F3E50B /* MusicPlayerUITests.xctest */ = {isa = PBXFileReference; explicitFileType = wrapper.cfbundle; includeInIndex = 0; path = MusicPlayerUITests.xctest; sourceTree = BUILT_PRODUCTS_DIR; };
		66F1E1CC2C80ED9F00F3E50B /* MusicPlayerUITests.swift */ = {isa = PBXFileReference; lastKnownFileType = sourcecode.swift; path = MusicPlayerUITests.swift; sourceTree = "<group>"; };
		66F1E1CE2C80ED9F00F3E50B /* MusicPlayerUITestsLaunchTests.swift */ = {isa = PBXFileReference; lastKnownFileType = sourcecode.swift; path = MusicPlayerUITestsLaunchTests.swift; sourceTree = "<group>"; };
/* End PBXFileReference section */

/* Begin PBXFrameworksBuildPhase section */
		66F1E1A22C80ED9E00F3E50B /* Frameworks */ = {
			isa = PBXFrameworksBuildPhase;
			buildActionMask = 2147483647;
			files = (
			);
			runOnlyForDeploymentPostprocessing = 0;
		};
		66F1E1BB2C80ED9F00F3E50B /* Frameworks */ = {
			isa = PBXFrameworksBuildPhase;
			buildActionMask = 2147483647;
			files = (
			);
			runOnlyForDeploymentPostprocessing = 0;
		};
		66F1E1C52C80ED9F00F3E50B /* Frameworks */ = {
			isa = PBXFrameworksBuildPhase;
			buildActionMask = 2147483647;
			files = (
			);
			runOnlyForDeploymentPostprocessing = 0;
		};
/* End PBXFrameworksBuildPhase section */

/* Begin PBXGroup section */
		6680DE462C80F881005EAA8E /* Core */ = {
			isa = PBXGroup;
			children = (
				6680DE402C80F4EB005EAA8E /* TabBarViewController.swift */,
				66F1E1AC2C80ED9E00F3E50B /* HomeViewController.swift */,
				6680DE442C80F815005EAA8E /* LibraryViewController.swift */,
				6680DE422C80F779005EAA8E /* SearchViewController.swift */,
			);
			path = Core;
			sourceTree = "<group>";
		};
		6680DE472C80F8B8005EAA8E /* Others */ = {
			isa = PBXGroup;
			children = (
				6680DE482C80F8CB005EAA8E /* AuthViewController.swift */,
				6680DE4A2C80F8E8005EAA8E /* WelcomeViewController.swift */,
				6680DE4C2C80F979005EAA8E /* SettingsViewController.swift */,
				6680DE4E2C80F985005EAA8E /* ProfileViewController.swift */,
				6680DE502C80F99F005EAA8E /* PlayerViewController.swift */,
				6680DE522C80F9AF005EAA8E /* PlaylistViewController.swift */,
				6680DE542C80F9E1005EAA8E /* SearchResultsViewController.swift */,
			);
			path = Others;
			sourceTree = "<group>";
		};
		6680DE7D2C811D9F005EAA8E /* Extension */ = {
			isa = PBXGroup;
			children = (
				6680DE712C810895005EAA8E /* String+Extension.swift */,
				6680DE732C810D31005EAA8E /* Colors.swift */,
				6680DE7B2C8118F9005EAA8E /* CAGradientLayer+Extension.swift */,
				6680DE7E2C811DBF005EAA8E /* View+Extension.swift */,
			);
			path = Extension;
			sourceTree = "<group>";
		};
		66F1E19C2C80ED9E00F3E50B = {
			isa = PBXGroup;
			children = (
				66F1E1A72C80ED9E00F3E50B /* MusicPlayer */,
				66F1E1C12C80ED9F00F3E50B /* MusicPlayerTests */,
				66F1E1CB2C80ED9F00F3E50B /* MusicPlayerUITests */,
				66F1E1A62C80ED9E00F3E50B /* Products */,
			);
			sourceTree = "<group>";
		};
		66F1E1A62C80ED9E00F3E50B /* Products */ = {
			isa = PBXGroup;
			children = (
				66F1E1A52C80ED9E00F3E50B /* MusicPlayer.app */,
				66F1E1BE2C80ED9F00F3E50B /* MusicPlayerTests.xctest */,
				66F1E1C82C80ED9F00F3E50B /* MusicPlayerUITests.xctest */,
			);
			name = Products;
			sourceTree = "<group>";
		};
		66F1E1A72C80ED9E00F3E50B /* MusicPlayer */ = {
			isa = PBXGroup;
			children = (
				66F1E1DB2C80EE5B00F3E50B /* Resources */,
				66F1E1DC2C80EE6600F3E50B /* Managers */,
				66F1E1DD2C80EE6F00F3E50B /* ViewModels */,
				66F1E1DE2C80EF1700F3E50B /* Models */,
				66F1E1DF2C80EF2200F3E50B /* Views */,
				66F1E1E02C80EF2A00F3E50B /* Controllers */,
				66F1E1B92C80ED9F00F3E50B /* Info.plist */,
				66F1E1B12C80ED9E00F3E50B /* MusicPlayer.xcdatamodeld */,
			);
			path = MusicPlayer;
			sourceTree = "<group>";
		};
		66F1E1C12C80ED9F00F3E50B /* MusicPlayerTests */ = {
			isa = PBXGroup;
			children = (
				66F1E1C22C80ED9F00F3E50B /* MusicPlayerTests.swift */,
			);
			path = MusicPlayerTests;
			sourceTree = "<group>";
		};
		66F1E1CB2C80ED9F00F3E50B /* MusicPlayerUITests */ = {
			isa = PBXGroup;
			children = (
				66F1E1CC2C80ED9F00F3E50B /* MusicPlayerUITests.swift */,
				66F1E1CE2C80ED9F00F3E50B /* MusicPlayerUITestsLaunchTests.swift */,
			);
			path = MusicPlayerUITests;
			sourceTree = "<group>";
		};
		66F1E1DB2C80EE5B00F3E50B /* Resources */ = {
			isa = PBXGroup;
			children = (
				6680DE7D2C811D9F005EAA8E /* Extension */,
				66F1E1B42C80ED9F00F3E50B /* Assets.xcassets */,
				66F1E1A82C80ED9E00F3E50B /* AppDelegate.swift */,
				66F1E1AA2C80ED9E00F3E50B /* SceneDelegate.swift */,
				6680DE6A2C8106C4005EAA8E /* Localizable.strings */,
			);
			path = Resources;
			sourceTree = "<group>";
		};
		66F1E1DC2C80EE6600F3E50B /* Managers */ = {
			isa = PBXGroup;
			children = (
				6680DE562C80FA65005EAA8E /* AuthManager.swift */,
				6680DE582C80FA79005EAA8E /* APICaller.swift */,
				6680DE5A2C80FA8A005EAA8E /* HapticsManager.swift */,
				6680DE772C8116E2005EAA8E /* Config.plist */,
				6680DE792C811732005EAA8E /* ConfigManager.swift */,
			);
			path = Managers;
			sourceTree = "<group>";
		};
		66F1E1DD2C80EE6F00F3E50B /* ViewModels */ = {
			isa = PBXGroup;
			children = (
			);
			path = ViewModels;
			sourceTree = "<group>";
		};
		66F1E1DE2C80EF1700F3E50B /* Models */ = {
			isa = PBXGroup;
			children = (
				6680DE5C2C80FAE9005EAA8E /* Playlist.swift */,
				6680DE5E2C80FAF4005EAA8E /* AudioTrack.swift */,
				6680DE602C80FAFF005EAA8E /* Artist.swift */,
				6680DE622C80FB0D005EAA8E /* UserProfile.swift */,
			);
			path = Models;
			sourceTree = "<group>";
		};
		66F1E1DF2C80EF2200F3E50B /* Views */ = {
			isa = PBXGroup;
			children = (
				66F1E1B62C80ED9F00F3E50B /* LaunchScreen.storyboard */,
			);
			path = Views;
			sourceTree = "<group>";
		};
		66F1E1E02C80EF2A00F3E50B /* Controllers */ = {
			isa = PBXGroup;
			children = (
				6680DE472C80F8B8005EAA8E /* Others */,
				6680DE462C80F881005EAA8E /* Core */,
			);
			path = Controllers;
			sourceTree = "<group>";
		};
/* End PBXGroup section */

/* Begin PBXNativeTarget section */
		66F1E1A42C80ED9E00F3E50B /* MusicPlayer */ = {
			isa = PBXNativeTarget;
			buildConfigurationList = 66F1E1D22C80ED9F00F3E50B /* Build configuration list for PBXNativeTarget "MusicPlayer" */;
			buildPhases = (
				66F1E1A12C80ED9E00F3E50B /* Sources */,
				66F1E1A22C80ED9E00F3E50B /* Frameworks */,
				66F1E1A32C80ED9E00F3E50B /* Resources */,
			);
			buildRules = (
			);
			dependencies = (
			);
			name = MusicPlayer;
			productName = MusicPlayer;
			productReference = 66F1E1A52C80ED9E00F3E50B /* MusicPlayer.app */;
			productType = "com.apple.product-type.application";
		};
		66F1E1BD2C80ED9F00F3E50B /* MusicPlayerTests */ = {
			isa = PBXNativeTarget;
			buildConfigurationList = 66F1E1D52C80ED9F00F3E50B /* Build configuration list for PBXNativeTarget "MusicPlayerTests" */;
			buildPhases = (
				66F1E1BA2C80ED9F00F3E50B /* Sources */,
				66F1E1BB2C80ED9F00F3E50B /* Frameworks */,
				66F1E1BC2C80ED9F00F3E50B /* Resources */,
			);
			buildRules = (
			);
			dependencies = (
				66F1E1C02C80ED9F00F3E50B /* PBXTargetDependency */,
			);
			name = MusicPlayerTests;
			productName = MusicPlayerTests;
			productReference = 66F1E1BE2C80ED9F00F3E50B /* MusicPlayerTests.xctest */;
			productType = "com.apple.product-type.bundle.unit-test";
		};
		66F1E1C72C80ED9F00F3E50B /* MusicPlayerUITests */ = {
			isa = PBXNativeTarget;
			buildConfigurationList = 66F1E1D82C80ED9F00F3E50B /* Build configuration list for PBXNativeTarget "MusicPlayerUITests" */;
			buildPhases = (
				66F1E1C42C80ED9F00F3E50B /* Sources */,
				66F1E1C52C80ED9F00F3E50B /* Frameworks */,
				66F1E1C62C80ED9F00F3E50B /* Resources */,
			);
			buildRules = (
			);
			dependencies = (
				66F1E1CA2C80ED9F00F3E50B /* PBXTargetDependency */,
			);
			name = MusicPlayerUITests;
			productName = MusicPlayerUITests;
			productReference = 66F1E1C82C80ED9F00F3E50B /* MusicPlayerUITests.xctest */;
			productType = "com.apple.product-type.bundle.ui-testing";
		};
/* End PBXNativeTarget section */

/* Begin PBXProject section */
		66F1E19D2C80ED9E00F3E50B /* Project object */ = {
			isa = PBXProject;
			attributes = {
				BuildIndependentTargetsInParallel = 1;
				LastSwiftUpdateCheck = 1540;
				LastUpgradeCheck = 1540;
				TargetAttributes = {
					66F1E1A42C80ED9E00F3E50B = {
						CreatedOnToolsVersion = 15.4;
					};
					66F1E1BD2C80ED9F00F3E50B = {
						CreatedOnToolsVersion = 15.4;
						TestTargetID = 66F1E1A42C80ED9E00F3E50B;
					};
					66F1E1C72C80ED9F00F3E50B = {
						CreatedOnToolsVersion = 15.4;
						TestTargetID = 66F1E1A42C80ED9E00F3E50B;
					};
				};
			};
			buildConfigurationList = 66F1E1A02C80ED9E00F3E50B /* Build configuration list for PBXProject "MusicPlayer" */;
			compatibilityVersion = "Xcode 14.0";
			developmentRegion = en;
			hasScannedForEncodings = 0;
			knownRegions = (
				en,
				Base,
				fr,
			);
			mainGroup = 66F1E19C2C80ED9E00F3E50B;
			productRefGroup = 66F1E1A62C80ED9E00F3E50B /* Products */;
			projectDirPath = "";
			projectRoot = "";
			targets = (
				66F1E1A42C80ED9E00F3E50B /* MusicPlayer */,
				66F1E1BD2C80ED9F00F3E50B /* MusicPlayerTests */,
				66F1E1C72C80ED9F00F3E50B /* MusicPlayerUITests */,
			);
		};
/* End PBXProject section */

/* Begin PBXResourcesBuildPhase section */
		66F1E1A32C80ED9E00F3E50B /* Resources */ = {
			isa = PBXResourcesBuildPhase;
			buildActionMask = 2147483647;
			files = (
				6680DE782C8116E2005EAA8E /* Config.plist in Resources */,
				66F1E1B52C80ED9F00F3E50B /* Assets.xcassets in Resources */,
				6680DE6B2C8106C4005EAA8E /* Localizable.strings in Resources */,
				66F1E1B82C80ED9F00F3E50B /* Base in Resources */,
			);
			runOnlyForDeploymentPostprocessing = 0;
		};
		66F1E1BC2C80ED9F00F3E50B /* Resources */ = {
			isa = PBXResourcesBuildPhase;
			buildActionMask = 2147483647;
			files = (
			);
			runOnlyForDeploymentPostprocessing = 0;
		};
		66F1E1C62C80ED9F00F3E50B /* Resources */ = {
			isa = PBXResourcesBuildPhase;
			buildActionMask = 2147483647;
			files = (
			);
			runOnlyForDeploymentPostprocessing = 0;
		};
/* End PBXResourcesBuildPhase section */

/* Begin PBXSourcesBuildPhase section */
		66F1E1A12C80ED9E00F3E50B /* Sources */ = {
			isa = PBXSourcesBuildPhase;
			buildActionMask = 2147483647;
			files = (
				6680DE4B2C80F8E8005EAA8E /* WelcomeViewController.swift in Sources */,
				6680DE5F2C80FAF4005EAA8E /* AudioTrack.swift in Sources */,
				6680DE632C80FB0D005EAA8E /* UserProfile.swift in Sources */,
				6680DE432C80F779005EAA8E /* SearchViewController.swift in Sources */,
				66F1E1AD2C80ED9E00F3E50B /* HomeViewController.swift in Sources */,
				6680DE4D2C80F979005EAA8E /* SettingsViewController.swift in Sources */,
				6680DE572C80FA65005EAA8E /* AuthManager.swift in Sources */,
				6680DE532C80F9AF005EAA8E /* PlaylistViewController.swift in Sources */,
				6680DE7C2C8118F9005EAA8E /* CAGradientLayer+Extension.swift in Sources */,
				6680DE552C80F9E1005EAA8E /* SearchResultsViewController.swift in Sources */,
				6680DE7F2C811DBF005EAA8E /* View+Extension.swift in Sources */,
				6680DE592C80FA79005EAA8E /* APICaller.swift in Sources */,
				6680DE5B2C80FA8A005EAA8E /* HapticsManager.swift in Sources */,
				66F1E1A92C80ED9E00F3E50B /* AppDelegate.swift in Sources */,
				6680DE722C810895005EAA8E /* String+Extension.swift in Sources */,
				6680DE742C810D31005EAA8E /* Colors.swift in Sources */,
				6680DE512C80F99F005EAA8E /* PlayerViewController.swift in Sources */,
				6680DE5D2C80FAE9005EAA8E /* Playlist.swift in Sources */,
				66F1E1B32C80ED9E00F3E50B /* MusicPlayer.xcdatamodeld in Sources */,
				6680DE4F2C80F985005EAA8E /* ProfileViewController.swift in Sources */,
				6680DE492C80F8CB005EAA8E /* AuthViewController.swift in Sources */,
				6680DE452C80F815005EAA8E /* LibraryViewController.swift in Sources */,
				6680DE412C80F4EB005EAA8E /* TabBarViewController.swift in Sources */,
				6680DE612C80FAFF005EAA8E /* Artist.swift in Sources */,
				66F1E1AB2C80ED9E00F3E50B /* SceneDelegate.swift in Sources */,
				6680DE7A2C811732005EAA8E /* ConfigManager.swift in Sources */,
			);
			runOnlyForDeploymentPostprocessing = 0;
		};
		66F1E1BA2C80ED9F00F3E50B /* Sources */ = {
			isa = PBXSourcesBuildPhase;
			buildActionMask = 2147483647;
			files = (
				66F1E1C32C80ED9F00F3E50B /* MusicPlayerTests.swift in Sources */,
			);
			runOnlyForDeploymentPostprocessing = 0;
		};
		66F1E1C42C80ED9F00F3E50B /* Sources */ = {
			isa = PBXSourcesBuildPhase;
			buildActionMask = 2147483647;
			files = (
				66F1E1CD2C80ED9F00F3E50B /* MusicPlayerUITests.swift in Sources */,
				66F1E1CF2C80ED9F00F3E50B /* MusicPlayerUITestsLaunchTests.swift in Sources */,
			);
			runOnlyForDeploymentPostprocessing = 0;
		};
/* End PBXSourcesBuildPhase section */

/* Begin PBXTargetDependency section */
		66F1E1C02C80ED9F00F3E50B /* PBXTargetDependency */ = {
			isa = PBXTargetDependency;
			target = 66F1E1A42C80ED9E00F3E50B /* MusicPlayer */;
			targetProxy = 66F1E1BF2C80ED9F00F3E50B /* PBXContainerItemProxy */;
		};
		66F1E1CA2C80ED9F00F3E50B /* PBXTargetDependency */ = {
			isa = PBXTargetDependency;
			target = 66F1E1A42C80ED9E00F3E50B /* MusicPlayer */;
			targetProxy = 66F1E1C92C80ED9F00F3E50B /* PBXContainerItemProxy */;
		};
/* End PBXTargetDependency section */

/* Begin PBXVariantGroup section */
		6680DE6A2C8106C4005EAA8E /* Localizable.strings */ = {
			isa = PBXVariantGroup;
			children = (
				6680DE692C8106C4005EAA8E /* en */,
				6680DE702C810755005EAA8E /* fr */,
			);
			name = Localizable.strings;
			sourceTree = "<group>";
		};
		66F1E1B62C80ED9F00F3E50B /* LaunchScreen.storyboard */ = {
			isa = PBXVariantGroup;
			children = (
				66F1E1B72C80ED9F00F3E50B /* Base */,
				6680DE6F2C810755005EAA8E /* fr */,
			);
			name = LaunchScreen.storyboard;
			sourceTree = "<group>";
		};
/* End PBXVariantGroup section */

/* Begin XCBuildConfiguration section */
		66F1E1D02C80ED9F00F3E50B /* Debug */ = {
			isa = XCBuildConfiguration;
			buildSettings = {
				ALWAYS_SEARCH_USER_PATHS = NO;
				ASSETCATALOG_COMPILER_GENERATE_SWIFT_ASSET_SYMBOL_EXTENSIONS = YES;
				CLANG_ANALYZER_LOCALIZABILITY_NONLOCALIZED = YES;
				CLANG_ANALYZER_NONNULL = YES;
				CLANG_ANALYZER_NUMBER_OBJECT_CONVERSION = YES_AGGRESSIVE;
				CLANG_CXX_LANGUAGE_STANDARD = "gnu++20";
				CLANG_ENABLE_MODULES = YES;
				CLANG_ENABLE_OBJC_ARC = YES;
				CLANG_ENABLE_OBJC_WEAK = YES;
				CLANG_WARN_BLOCK_CAPTURE_AUTORELEASING = YES;
				CLANG_WARN_BOOL_CONVERSION = YES;
				CLANG_WARN_COMMA = YES;
				CLANG_WARN_CONSTANT_CONVERSION = YES;
				CLANG_WARN_DEPRECATED_OBJC_IMPLEMENTATIONS = YES;
				CLANG_WARN_DIRECT_OBJC_ISA_USAGE = YES_ERROR;
				CLANG_WARN_DOCUMENTATION_COMMENTS = YES;
				CLANG_WARN_EMPTY_BODY = YES;
				CLANG_WARN_ENUM_CONVERSION = YES;
				CLANG_WARN_INFINITE_RECURSION = YES;
				CLANG_WARN_INT_CONVERSION = YES;
				CLANG_WARN_NON_LITERAL_NULL_CONVERSION = YES;
				CLANG_WARN_OBJC_IMPLICIT_RETAIN_SELF = YES;
				CLANG_WARN_OBJC_LITERAL_CONVERSION = YES;
				CLANG_WARN_OBJC_ROOT_CLASS = YES_ERROR;
				CLANG_WARN_QUOTED_INCLUDE_IN_FRAMEWORK_HEADER = YES;
				CLANG_WARN_RANGE_LOOP_ANALYSIS = YES;
				CLANG_WARN_STRICT_PROTOTYPES = YES;
				CLANG_WARN_SUSPICIOUS_MOVE = YES;
				CLANG_WARN_UNGUARDED_AVAILABILITY = YES_AGGRESSIVE;
				CLANG_WARN_UNREACHABLE_CODE = YES;
				CLANG_WARN__DUPLICATE_METHOD_MATCH = YES;
				COPY_PHASE_STRIP = NO;
				DEBUG_INFORMATION_FORMAT = dwarf;
				ENABLE_STRICT_OBJC_MSGSEND = YES;
				ENABLE_TESTABILITY = YES;
				ENABLE_USER_SCRIPT_SANDBOXING = YES;
				GCC_C_LANGUAGE_STANDARD = gnu17;
				GCC_DYNAMIC_NO_PIC = NO;
				GCC_NO_COMMON_BLOCKS = YES;
				GCC_OPTIMIZATION_LEVEL = 0;
				GCC_PREPROCESSOR_DEFINITIONS = (
					"DEBUG=1",
					"$(inherited)",
				);
				GCC_WARN_64_TO_32_BIT_CONVERSION = YES;
				GCC_WARN_ABOUT_RETURN_TYPE = YES_ERROR;
				GCC_WARN_UNDECLARED_SELECTOR = YES;
				GCC_WARN_UNINITIALIZED_AUTOS = YES_AGGRESSIVE;
				GCC_WARN_UNUSED_FUNCTION = YES;
				GCC_WARN_UNUSED_VARIABLE = YES;
				IPHONEOS_DEPLOYMENT_TARGET = 17.5;
				LOCALIZATION_PREFERS_STRING_CATALOGS = YES;
				MTL_ENABLE_DEBUG_INFO = INCLUDE_SOURCE;
				MTL_FAST_MATH = YES;
				ONLY_ACTIVE_ARCH = YES;
				SDKROOT = iphoneos;
				SWIFT_ACTIVE_COMPILATION_CONDITIONS = "DEBUG $(inherited)";
				SWIFT_OPTIMIZATION_LEVEL = "-Onone";
			};
			name = Debug;
		};
		66F1E1D12C80ED9F00F3E50B /* Release */ = {
			isa = XCBuildConfiguration;
			buildSettings = {
				ALWAYS_SEARCH_USER_PATHS = NO;
				ASSETCATALOG_COMPILER_GENERATE_SWIFT_ASSET_SYMBOL_EXTENSIONS = YES;
				CLANG_ANALYZER_LOCALIZABILITY_NONLOCALIZED = YES;
				CLANG_ANALYZER_NONNULL = YES;
				CLANG_ANALYZER_NUMBER_OBJECT_CONVERSION = YES_AGGRESSIVE;
				CLANG_CXX_LANGUAGE_STANDARD = "gnu++20";
				CLANG_ENABLE_MODULES = YES;
				CLANG_ENABLE_OBJC_ARC = YES;
				CLANG_ENABLE_OBJC_WEAK = YES;
				CLANG_WARN_BLOCK_CAPTURE_AUTORELEASING = YES;
				CLANG_WARN_BOOL_CONVERSION = YES;
				CLANG_WARN_COMMA = YES;
				CLANG_WARN_CONSTANT_CONVERSION = YES;
				CLANG_WARN_DEPRECATED_OBJC_IMPLEMENTATIONS = YES;
				CLANG_WARN_DIRECT_OBJC_ISA_USAGE = YES_ERROR;
				CLANG_WARN_DOCUMENTATION_COMMENTS = YES;
				CLANG_WARN_EMPTY_BODY = YES;
				CLANG_WARN_ENUM_CONVERSION = YES;
				CLANG_WARN_INFINITE_RECURSION = YES;
				CLANG_WARN_INT_CONVERSION = YES;
				CLANG_WARN_NON_LITERAL_NULL_CONVERSION = YES;
				CLANG_WARN_OBJC_IMPLICIT_RETAIN_SELF = YES;
				CLANG_WARN_OBJC_LITERAL_CONVERSION = YES;
				CLANG_WARN_OBJC_ROOT_CLASS = YES_ERROR;
				CLANG_WARN_QUOTED_INCLUDE_IN_FRAMEWORK_HEADER = YES;
				CLANG_WARN_RANGE_LOOP_ANALYSIS = YES;
				CLANG_WARN_STRICT_PROTOTYPES = YES;
				CLANG_WARN_SUSPICIOUS_MOVE = YES;
				CLANG_WARN_UNGUARDED_AVAILABILITY = YES_AGGRESSIVE;
				CLANG_WARN_UNREACHABLE_CODE = YES;
				CLANG_WARN__DUPLICATE_METHOD_MATCH = YES;
				COPY_PHASE_STRIP = NO;
				DEBUG_INFORMATION_FORMAT = "dwarf-with-dsym";
				ENABLE_NS_ASSERTIONS = NO;
				ENABLE_STRICT_OBJC_MSGSEND = YES;
				ENABLE_USER_SCRIPT_SANDBOXING = YES;
				GCC_C_LANGUAGE_STANDARD = gnu17;
				GCC_NO_COMMON_BLOCKS = YES;
				GCC_WARN_64_TO_32_BIT_CONVERSION = YES;
				GCC_WARN_ABOUT_RETURN_TYPE = YES_ERROR;
				GCC_WARN_UNDECLARED_SELECTOR = YES;
				GCC_WARN_UNINITIALIZED_AUTOS = YES_AGGRESSIVE;
				GCC_WARN_UNUSED_FUNCTION = YES;
				GCC_WARN_UNUSED_VARIABLE = YES;
				IPHONEOS_DEPLOYMENT_TARGET = 17.5;
				LOCALIZATION_PREFERS_STRING_CATALOGS = YES;
				MTL_ENABLE_DEBUG_INFO = NO;
				MTL_FAST_MATH = YES;
				SDKROOT = iphoneos;
				SWIFT_COMPILATION_MODE = wholemodule;
				VALIDATE_PRODUCT = YES;
			};
			name = Release;
		};
		66F1E1D32C80ED9F00F3E50B /* Debug */ = {
			isa = XCBuildConfiguration;
			buildSettings = {
				ASSETCATALOG_COMPILER_APPICON_NAME = AppIcon;
				ASSETCATALOG_COMPILER_GLOBAL_ACCENT_COLOR_NAME = AccentColor;
				CODE_SIGN_STYLE = Automatic;
				CURRENT_PROJECT_VERSION = 1;
				DEVELOPMENT_TEAM = W7QT2TK8Q3;
				GENERATE_INFOPLIST_FILE = YES;
				INFOPLIST_FILE = MusicPlayer/Info.plist;
				INFOPLIST_KEY_UIApplicationSupportsIndirectInputEvents = YES;
				INFOPLIST_KEY_UILaunchStoryboardName = LaunchScreen;
				INFOPLIST_KEY_UIMainStoryboardFile = "";
				INFOPLIST_KEY_UISupportedInterfaceOrientations_iPad = "UIInterfaceOrientationPortrait UIInterfaceOrientationPortraitUpsideDown UIInterfaceOrientationLandscapeLeft UIInterfaceOrientationLandscapeRight";
				INFOPLIST_KEY_UISupportedInterfaceOrientations_iPhone = "UIInterfaceOrientationPortrait UIInterfaceOrientationLandscapeLeft UIInterfaceOrientationLandscapeRight";
				LD_RUNPATH_SEARCH_PATHS = (
					"$(inherited)",
					"@executable_path/Frameworks",
				);
				MARKETING_VERSION = 1.0;
				PRODUCT_BUNDLE_IDENTIFIER = malown404.MusicPlayer;
				PRODUCT_NAME = "$(TARGET_NAME)";
				SWIFT_EMIT_LOC_STRINGS = YES;
				SWIFT_VERSION = 5.0;
				TARGETED_DEVICE_FAMILY = "1,2";
			};
			name = Debug;
		};
		66F1E1D42C80ED9F00F3E50B /* Release */ = {
			isa = XCBuildConfiguration;
			buildSettings = {
				ASSETCATALOG_COMPILER_APPICON_NAME = AppIcon;
				ASSETCATALOG_COMPILER_GLOBAL_ACCENT_COLOR_NAME = AccentColor;
				CODE_SIGN_STYLE = Automatic;
				CURRENT_PROJECT_VERSION = 1;
				DEVELOPMENT_TEAM = W7QT2TK8Q3;
				GENERATE_INFOPLIST_FILE = YES;
				INFOPLIST_FILE = MusicPlayer/Info.plist;
				INFOPLIST_KEY_UIApplicationSupportsIndirectInputEvents = YES;
				INFOPLIST_KEY_UILaunchStoryboardName = LaunchScreen;
				INFOPLIST_KEY_UIMainStoryboardFile = "";
				INFOPLIST_KEY_UISupportedInterfaceOrientations_iPad = "UIInterfaceOrientationPortrait UIInterfaceOrientationPortraitUpsideDown UIInterfaceOrientationLandscapeLeft UIInterfaceOrientationLandscapeRight";
				INFOPLIST_KEY_UISupportedInterfaceOrientations_iPhone = "UIInterfaceOrientationPortrait UIInterfaceOrientationLandscapeLeft UIInterfaceOrientationLandscapeRight";
				LD_RUNPATH_SEARCH_PATHS = (
					"$(inherited)",
					"@executable_path/Frameworks",
				);
				MARKETING_VERSION = 1.0;
				PRODUCT_BUNDLE_IDENTIFIER = malown404.MusicPlayer;
				PRODUCT_NAME = "$(TARGET_NAME)";
				SWIFT_EMIT_LOC_STRINGS = YES;
				SWIFT_VERSION = 5.0;
				TARGETED_DEVICE_FAMILY = "1,2";
			};
			name = Release;
		};
		66F1E1D62C80ED9F00F3E50B /* Debug */ = {
			isa = XCBuildConfiguration;
			buildSettings = {
				ALWAYS_EMBED_SWIFT_STANDARD_LIBRARIES = YES;
				BUNDLE_LOADER = "$(TEST_HOST)";
				CODE_SIGN_STYLE = Automatic;
				CURRENT_PROJECT_VERSION = 1;
				DEVELOPMENT_TEAM = W7QT2TK8Q3;
				GENERATE_INFOPLIST_FILE = YES;
				IPHONEOS_DEPLOYMENT_TARGET = 17.5;
				MARKETING_VERSION = 1.0;
				PRODUCT_BUNDLE_IDENTIFIER = malown404.MusicPlayerTests;
				PRODUCT_NAME = "$(TARGET_NAME)";
				SWIFT_EMIT_LOC_STRINGS = NO;
				SWIFT_VERSION = 5.0;
				TARGETED_DEVICE_FAMILY = "1,2";
				TEST_HOST = "$(BUILT_PRODUCTS_DIR)/MusicPlayer.app/$(BUNDLE_EXECUTABLE_FOLDER_PATH)/MusicPlayer";
			};
			name = Debug;
		};
		66F1E1D72C80ED9F00F3E50B /* Release */ = {
			isa = XCBuildConfiguration;
			buildSettings = {
				ALWAYS_EMBED_SWIFT_STANDARD_LIBRARIES = YES;
				BUNDLE_LOADER = "$(TEST_HOST)";
				CODE_SIGN_STYLE = Automatic;
				CURRENT_PROJECT_VERSION = 1;
				DEVELOPMENT_TEAM = W7QT2TK8Q3;
				GENERATE_INFOPLIST_FILE = YES;
				IPHONEOS_DEPLOYMENT_TARGET = 17.5;
				MARKETING_VERSION = 1.0;
				PRODUCT_BUNDLE_IDENTIFIER = malown404.MusicPlayerTests;
				PRODUCT_NAME = "$(TARGET_NAME)";
				SWIFT_EMIT_LOC_STRINGS = NO;
				SWIFT_VERSION = 5.0;
				TARGETED_DEVICE_FAMILY = "1,2";
				TEST_HOST = "$(BUILT_PRODUCTS_DIR)/MusicPlayer.app/$(BUNDLE_EXECUTABLE_FOLDER_PATH)/MusicPlayer";
			};
			name = Release;
		};
		66F1E1D92C80ED9F00F3E50B /* Debug */ = {
			isa = XCBuildConfiguration;
			buildSettings = {
				ALWAYS_EMBED_SWIFT_STANDARD_LIBRARIES = YES;
				CODE_SIGN_STYLE = Automatic;
				CURRENT_PROJECT_VERSION = 1;
				DEVELOPMENT_TEAM = W7QT2TK8Q3;
				GENERATE_INFOPLIST_FILE = YES;
				MARKETING_VERSION = 1.0;
				PRODUCT_BUNDLE_IDENTIFIER = malown404.MusicPlayerUITests;
				PRODUCT_NAME = "$(TARGET_NAME)";
				SWIFT_EMIT_LOC_STRINGS = NO;
				SWIFT_VERSION = 5.0;
				TARGETED_DEVICE_FAMILY = "1,2";
				TEST_TARGET_NAME = MusicPlayer;
			};
			name = Debug;
		};
		66F1E1DA2C80ED9F00F3E50B /* Release */ = {
			isa = XCBuildConfiguration;
			buildSettings = {
				ALWAYS_EMBED_SWIFT_STANDARD_LIBRARIES = YES;
				CODE_SIGN_STYLE = Automatic;
				CURRENT_PROJECT_VERSION = 1;
				DEVELOPMENT_TEAM = W7QT2TK8Q3;
				GENERATE_INFOPLIST_FILE = YES;
				MARKETING_VERSION = 1.0;
				PRODUCT_BUNDLE_IDENTIFIER = malown404.MusicPlayerUITests;
				PRODUCT_NAME = "$(TARGET_NAME)";
				SWIFT_EMIT_LOC_STRINGS = NO;
				SWIFT_VERSION = 5.0;
				TARGETED_DEVICE_FAMILY = "1,2";
				TEST_TARGET_NAME = MusicPlayer;
			};
			name = Release;
		};
/* End XCBuildConfiguration section */

/* Begin XCConfigurationList section */
		66F1E1A02C80ED9E00F3E50B /* Build configuration list for PBXProject "MusicPlayer" */ = {
			isa = XCConfigurationList;
			buildConfigurations = (
				66F1E1D02C80ED9F00F3E50B /* Debug */,
				66F1E1D12C80ED9F00F3E50B /* Release */,
			);
			defaultConfigurationIsVisible = 0;
			defaultConfigurationName = Release;
		};
		66F1E1D22C80ED9F00F3E50B /* Build configuration list for PBXNativeTarget "MusicPlayer" */ = {
			isa = XCConfigurationList;
			buildConfigurations = (
				66F1E1D32C80ED9F00F3E50B /* Debug */,
				66F1E1D42C80ED9F00F3E50B /* Release */,
			);
			defaultConfigurationIsVisible = 0;
			defaultConfigurationName = Release;
		};
		66F1E1D52C80ED9F00F3E50B /* Build configuration list for PBXNativeTarget "MusicPlayerTests" */ = {
			isa = XCConfigurationList;
			buildConfigurations = (
				66F1E1D62C80ED9F00F3E50B /* Debug */,
				66F1E1D72C80ED9F00F3E50B /* Release */,
			);
			defaultConfigurationIsVisible = 0;
			defaultConfigurationName = Release;
		};
		66F1E1D82C80ED9F00F3E50B /* Build configuration list for PBXNativeTarget "MusicPlayerUITests" */ = {
			isa = XCConfigurationList;
			buildConfigurations = (
				66F1E1D92C80ED9F00F3E50B /* Debug */,
				66F1E1DA2C80ED9F00F3E50B /* Release */,
			);
			defaultConfigurationIsVisible = 0;
			defaultConfigurationName = Release;
		};
/* End XCConfigurationList section */

/* Begin XCVersionGroup section */
		66F1E1B12C80ED9E00F3E50B /* MusicPlayer.xcdatamodeld */ = {
			isa = XCVersionGroup;
			children = (
				66F1E1B22C80ED9E00F3E50B /* MusicPlayer.xcdatamodel */,
			);
			currentVersion = 66F1E1B22C80ED9E00F3E50B /* MusicPlayer.xcdatamodel */;
			path = MusicPlayer.xcdatamodeld;
			sourceTree = "<group>";
			versionGroupType = wrapper.xcdatamodel;
		};
/* End XCVersionGroup section */
	};
	rootObject = 66F1E19D2C80ED9E00F3E50B /* Project object */;
}
